
Microsoft Visual Studio Solution File, Format Version 12.00
# Visual Studio Version 17
VisualStudioVersion = 17.11.35327.3
MinimumVisualStudioVersion = 10.0.40219.1
Project("{FAE04EC0-301F-11D3-BF4B-00C04F79EFBC}") = "login", "login\login.csproj", "{279EF394-053E-4C09-890C-DA85ABCD94DA}"
EndProject
Global
	GlobalSection(SolutionConfigurationPlatforms) = preSolution
		Debug|Any CPU = Debug|Any CPU
		Release|Any CPU = Release|Any CPU
	EndGlobalSection
	GlobalSection(ProjectConfigurationPlatforms) = postSolution
		{279EF394-053E-4C09-890C-DA85ABCD94DA}.Debug|Any CPU.ActiveCfg = Debug|Any CPU
		{279EF394-053E-4C09-890C-DA85ABCD94DA}.Debug|Any CPU.Build.0 = Debug|Any CPU
		{279EF394-053E-4C09-890C-DA85ABCD94DA}.Release|Any CPU.ActiveCfg = Release|Any CPU
		{279EF394-053E-4C09-890C-DA85ABCD94DA}.Release|Any CPU.Build.0 = Release|Any CPU
	EndGlobalSection
	GlobalSection(SolutionProperties) = preSolution
		HideSolutionNode = FALSE
	EndGlobalSection
	GlobalSection(ExtensibilityGlobals) = postSolution
		SolutionGuid = {649AC7B3-47E2-48E9-87FD-338296CCCF61}
	EndGlobalSection
EndGlobal
